
Microsoft Visual Studio Solution File, Format Version 12.00
# Visual Studio Version 17
VisualStudioVersion = 17.9.34622.214
MinimumVisualStudioVersion = 10.0.40219.1
Project("{FAE04EC0-301F-11D3-BF4B-00C04F79EFBC}") = "RuppinZombiesDatabase", "RuppinZombiesDatabase\RuppinZombiesDatabase.csproj", "{979E9AFE-36AA-4C10-8AF4-8BF96EF9F00E}"
EndProject
Global
	GlobalSection(SolutionConfigurationPlatforms) = preSolution
		Debug|Any CPU = Debug|Any CPU
		Release|Any CPU = Release|Any CPU
	EndGlobalSection
	GlobalSection(ProjectConfigurationPlatforms) = postSolution
		{979E9AFE-36AA-4C10-8AF4-8BF96EF9F00E}.Debug|Any CPU.ActiveCfg = Debug|Any CPU
		{979E9AFE-36AA-4C10-8AF4-8BF96EF9F00E}.Debug|Any CPU.Build.0 = Debug|Any CPU
		{979E9AFE-36AA-4C10-8AF4-8BF96EF9F00E}.Release|Any CPU.ActiveCfg = Release|Any CPU
		{979E9AFE-36AA-4C10-8AF4-8BF96EF9F00E}.Release|Any CPU.Build.0 = Release|Any CPU
	EndGlobalSection
	GlobalSection(SolutionProperties) = preSolution
		HideSolutionNode = FALSE
	EndGlobalSection
	GlobalSection(ExtensibilityGlobals) = postSolution
		SolutionGuid = {A629A072-9413-45ED-ADF5-0D8C036BC183}
	EndGlobalSection
EndGlobal
